// !$*UTF8*$!
{
	archiveVersion = 1;
	classes = {
	};
	objectVersion = 48;
	objects = {

/* Begin PBXBuildFile section */
		20733CE21FB59FD600FD09D7 /* AppDelegate.swift in Sources */ = {isa = PBXBuildFile; fileRef = 20733CE11FB59FD600FD09D7 /* AppDelegate.swift */; };
		20733CE41FB59FD600FD09D7 /* ViewController.swift in Sources */ = {isa = PBXBuildFile; fileRef = 20733CE31FB59FD600FD09D7 /* ViewController.swift */; };
		20733CE71FB59FD600FD09D7 /* Main.storyboard in Resources */ = {isa = PBXBuildFile; fileRef = 20733CE51FB59FD600FD09D7 /* Main.storyboard */; };
		20733CE91FB59FD600FD09D7 /* Assets.xcassets in Resources */ = {isa = PBXBuildFile; fileRef = 20733CE81FB59FD600FD09D7 /* Assets.xcassets */; };
		20733CEC1FB59FD600FD09D7 /* LaunchScreen.storyboard in Resources */ = {isa = PBXBuildFile; fileRef = 20733CEA1FB59FD600FD09D7 /* LaunchScreen.storyboard */; };
		20733CF41FB5A03E00FD09D7 /* Podfile in Resources */ = {isa = PBXBuildFile; fileRef = 20733CF31FB5A03E00FD09D7 /* Podfile */; };
		FD84A210F11408A6F664E532 /* Pods_followanalytics.framework in Frameworks */ = {isa = PBXBuildFile; fileRef = 20704C741FB5B520008B2C69 /* Pods_followanalytics.framework */; };
/* End PBXBuildFile section */

/* Begin PBXFileReference section */
		20704C741FB5B520008B2C69 /* Pods_followanalytics.framework */ = {isa = PBXFileReference; explicitFileType = wrapper.framework; path = Pods_followanalytics.framework; sourceTree = BUILT_PRODUCTS_DIR; };
		20733CDE1FB59FD600FD09D7 /* followanalytics.app */ = {isa = PBXFileReference; explicitFileType = wrapper.application; includeInIndex = 0; path = followanalytics.app; sourceTree = BUILT_PRODUCTS_DIR; };
		20733CE11FB59FD600FD09D7 /* AppDelegate.swift */ = {isa = PBXFileReference; lastKnownFileType = sourcecode.swift; path = AppDelegate.swift; sourceTree = "<group>"; };
		20733CE31FB59FD600FD09D7 /* ViewController.swift */ = {isa = PBXFileReference; lastKnownFileType = sourcecode.swift; path = ViewController.swift; sourceTree = "<group>"; };
		20733CE61FB59FD600FD09D7 /* Base */ = {isa = PBXFileReference; lastKnownFileType = file.storyboard; name = Base; path = Base.lproj/Main.storyboard; sourceTree = "<group>"; };
		20733CE81FB59FD600FD09D7 /* Assets.xcassets */ = {isa = PBXFileReference; lastKnownFileType = folder.assetcatalog; path = Assets.xcassets; sourceTree = "<group>"; };
		20733CEB1FB59FD600FD09D7 /* Base */ = {isa = PBXFileReference; lastKnownFileType = file.storyboard; name = Base; path = Base.lproj/LaunchScreen.storyboard; sourceTree = "<group>"; };
		20733CED1FB59FD600FD09D7 /* Info.plist */ = {isa = PBXFileReference; lastKnownFileType = text.plist.xml; path = Info.plist; sourceTree = "<group>"; };
		20733CF31FB5A03E00FD09D7 /* Podfile */ = {isa = PBXFileReference; lastKnownFileType = text; path = Podfile; sourceTree = "<group>"; xcLanguageSpecificationIdentifier = xcode.lang.ruby; };
		208034FF1FB5A925004E957D /* followanalytics-Bridging-Header.h */ = {isa = PBXFileReference; lastKnownFileType = sourcecode.c.h; path = "followanalytics-Bridging-Header.h"; sourceTree = "<group>"; };
		3075C165972FA1D919029055 /* Pods-followanalytics.release.xcconfig */ = {isa = PBXFileReference; includeInIndex = 1; lastKnownFileType = text.xcconfig; name = "Pods-followanalytics.release.xcconfig"; path = "Pods/Target Support Files/Pods-followanalytics/Pods-followanalytics.release.xcconfig"; sourceTree = "<group>"; };
		A0E214A5619B6A1F24A8A11D /* Pods-followanalytics.debug.xcconfig */ = {isa = PBXFileReference; includeInIndex = 1; lastKnownFileType = text.xcconfig; name = "Pods-followanalytics.debug.xcconfig"; path = "Pods/Target Support Files/Pods-followanalytics/Pods-followanalytics.debug.xcconfig"; sourceTree = "<group>"; };
/* End PBXFileReference section */

/* Begin PBXFrameworksBuildPhase section */
		20733CDB1FB59FD600FD09D7 /* Frameworks */ = {
			isa = PBXFrameworksBuildPhase;
			buildActionMask = 2147483647;
			files = (
				FD84A210F11408A6F664E532 /* Pods_followanalytics.framework in Frameworks */,
			);
			runOnlyForDeploymentPostprocessing = 0;
		};
/* End PBXFrameworksBuildPhase section */

/* Begin PBXGroup section */
		20733CD51FB59FD600FD09D7 = {
			isa = PBXGroup;
			children = (
				20733CF31FB5A03E00FD09D7 /* Podfile */,
				20733CE01FB59FD600FD09D7 /* followanalytics */,
				20733CDF1FB59FD600FD09D7 /* Products */,
				5881A23B646CB3ED48350396 /* Pods */,
				4285A670F7B04442B0DAD155 /* Frameworks */,
				208034FF1FB5A925004E957D /* followanalytics-Bridging-Header.h */,
			);
			sourceTree = "<group>";
		};
		20733CDF1FB59FD600FD09D7 /* Products */ = {
			isa = PBXGroup;
			children = (
				20733CDE1FB59FD600FD09D7 /* followanalytics.app */,
			);
			name = Products;
			sourceTree = "<group>";
		};
		20733CE01FB59FD600FD09D7 /* followanalytics */ = {
			isa = PBXGroup;
			children = (
				20733CE11FB59FD600FD09D7 /* AppDelegate.swift */,
				20733CE31FB59FD600FD09D7 /* ViewController.swift */,
				20733CE51FB59FD600FD09D7 /* Main.storyboard */,
				20733CE81FB59FD600FD09D7 /* Assets.xcassets */,
				20733CEA1FB59FD600FD09D7 /* LaunchScreen.storyboard */,
				20733CED1FB59FD600FD09D7 /* Info.plist */,
			);
			path = followanalytics;
			sourceTree = "<group>";
		};
		4285A670F7B04442B0DAD155 /* Frameworks */ = {
			isa = PBXGroup;
			children = (
				20704C741FB5B520008B2C69 /* Pods_followanalytics.framework */,
			);
			name = Frameworks;
			sourceTree = "<group>";
		};
		5881A23B646CB3ED48350396 /* Pods */ = {
			isa = PBXGroup;
			children = (
				A0E214A5619B6A1F24A8A11D /* Pods-followanalytics.debug.xcconfig */,
				3075C165972FA1D919029055 /* Pods-followanalytics.release.xcconfig */,
			);
			name = Pods;
			sourceTree = "<group>";
		};
/* End PBXGroup section */

/* Begin PBXNativeTarget section */
		20733CDD1FB59FD600FD09D7 /* followanalytics */ = {
			isa = PBXNativeTarget;
			buildConfigurationList = 20733CF01FB59FD600FD09D7 /* Build configuration list for PBXNativeTarget "followanalytics" */;
			buildPhases = (
				386CB5B114F90829EF4CF5C6 /* [CP] Check Pods Manifest.lock */,
				20733CDA1FB59FD600FD09D7 /* Sources */,
				20733CDB1FB59FD600FD09D7 /* Frameworks */,
				20733CDC1FB59FD600FD09D7 /* Resources */,
				DBDA83272BBAE23A4E35716B /* [CP] Embed Pods Frameworks */,
				E04C462AFBA1F325CD214F4D /* [CP] Copy Pods Resources */,
			);
			buildRules = (
			);
			dependencies = (
			);
			name = followanalytics;
			productName = followanalytics;
			productReference = 20733CDE1FB59FD600FD09D7 /* followanalytics.app */;
			productType = "com.apple.product-type.application";
		};
/* End PBXNativeTarget section */

/* Begin PBXProject section */
		20733CD61FB59FD600FD09D7 /* Project object */ = {
			isa = PBXProject;
			attributes = {
				LastSwiftUpdateCheck = 0910;
				LastUpgradeCheck = 0910;
				ORGANIZATIONNAME = "Damien Gouyette";
				TargetAttributes = {
					20733CDD1FB59FD600FD09D7 = {
						CreatedOnToolsVersion = 9.1;
						LastSwiftMigration = 0910;
						ProvisioningStyle = Automatic;
					};
				};
			};
			buildConfigurationList = 20733CD91FB59FD600FD09D7 /* Build configuration list for PBXProject "followanalytics" */;
			compatibilityVersion = "Xcode 8.0";
			developmentRegion = en;
			hasScannedForEncodings = 0;
			knownRegions = (
				en,
				Base,
			);
			mainGroup = 20733CD51FB59FD600FD09D7;
			productRefGroup = 20733CDF1FB59FD600FD09D7 /* Products */;
			projectDirPath = "";
			projectRoot = "";
			targets = (
				20733CDD1FB59FD600FD09D7 /* followanalytics */,
			);
		};
/* End PBXProject section */

/* Begin PBXResourcesBuildPhase section */
		20733CDC1FB59FD600FD09D7 /* Resources */ = {
			isa = PBXResourcesBuildPhase;
			buildActionMask = 2147483647;
			files = (
				20733CEC1FB59FD600FD09D7 /* LaunchScreen.storyboard in Resources */,
				20733CE91FB59FD600FD09D7 /* Assets.xcassets in Resources */,
				20733CF41FB5A03E00FD09D7 /* Podfile in Resources */,
				20733CE71FB59FD600FD09D7 /* Main.storyboard in Resources */,
			);
			runOnlyForDeploymentPostprocessing = 0;
		};
/* End PBXResourcesBuildPhase section */

/* Begin PBXShellScriptBuildPhase section */
		386CB5B114F90829EF4CF5C6 /* [CP] Check Pods Manifest.lock */ = {
			isa = PBXShellScriptBuildPhase;
			buildActionMask = 2147483647;
			files = (
			);
			inputPaths = (
				"${PODS_PODFILE_DIR_PATH}/Podfile.lock",
				"${PODS_ROOT}/Manifest.lock",
			);
			name = "[CP] Check Pods Manifest.lock";
			outputPaths = (
				"$(DERIVED_FILE_DIR)/Pods-followanalytics-checkManifestLockResult.txt",
			);
			runOnlyForDeploymentPostprocessing = 0;
			shellPath = /bin/sh;
			shellScript = "diff \"${PODS_PODFILE_DIR_PATH}/Podfile.lock\" \"${PODS_ROOT}/Manifest.lock\" > /dev/null\nif [ $? != 0 ] ; then\n    # print error to STDERR\n    echo \"error: The sandbox is not in sync with the Podfile.lock. Run 'pod install' or update your CocoaPods installation.\" >&2\n    exit 1\nfi\n# This output is used by Xcode 'outputs' to avoid re-running this script phase.\necho \"SUCCESS\" > \"${SCRIPT_OUTPUT_FILE_0}\"\n";
			showEnvVarsInLog = 0;
		};
		DBDA83272BBAE23A4E35716B /* [CP] Embed Pods Frameworks */ = {
			isa = PBXShellScriptBuildPhase;
			buildActionMask = 2147483647;
			files = (
			);
			inputPaths = (
				"${SRCROOT}/Pods/Target Support Files/Pods-followanalytics/Pods-followanalytics-frameworks.sh",
				"${BUILT_PRODUCTS_DIR}/SSZipArchive/SSZipArchive.framework",
			);
			name = "[CP] Embed Pods Frameworks";
			outputPaths = (
				"${TARGET_BUILD_DIR}/${FRAMEWORKS_FOLDER_PATH}/SSZipArchive.framework",
			);
			runOnlyForDeploymentPostprocessing = 0;
			shellPath = /bin/sh;
			shellScript = "\"${SRCROOT}/Pods/Target Support Files/Pods-followanalytics/Pods-followanalytics-frameworks.sh\"\n";
			showEnvVarsInLog = 0;
		};
		E04C462AFBA1F325CD214F4D /* [CP] Copy Pods Resources */ = {
			isa = PBXShellScriptBuildPhase;
			buildActionMask = 2147483647;
			files = (
			);
			inputPaths = (
				"${SRCROOT}/Pods/Target Support Files/Pods-followanalytics/Pods-followanalytics-resources.sh",
				"${PODS_ROOT}/FollowApps/followapps_iOS_SDK_5.1.3/Pod/FollowApps/Settings.bundle",
				"${PODS_ROOT}/FollowApps/followapps_iOS_SDK_5.1.3/Pod/FollowApps/FollowApps.framework/Versions/A/Headers/FABadge.h",
				"${PODS_ROOT}/FollowApps/followapps_iOS_SDK_5.1.3/Pod/FollowApps/FollowApps.framework/Versions/A/Headers/FAEmbeddedView.h",
				"${PODS_ROOT}/FollowApps/followapps_iOS_SDK_5.1.3/Pod/FollowApps/FollowApps.framework/Versions/A/Headers/FAFollowApps-Bridging-Header.h",
				"${PODS_ROOT}/FollowApps/followapps_iOS_SDK_5.1.3/Pod/FollowApps/FollowApps.framework/Versions/A/Headers/FAFollowApps.h",
				"${PODS_ROOT}/FollowApps/followapps_iOS_SDK_5.1.3/Pod/FollowApps/FollowApps.framework/Versions/A/Headers/FAInApp.h",
				"${PODS_ROOT}/FollowApps/followapps_iOS_SDK_5.1.3/Pod/FollowApps/FollowApps.framework/Versions/A/Headers/FAMessage.h",
				"${PODS_ROOT}/FollowApps/followapps_iOS_SDK_5.1.3/Pod/FollowApps/FollowApps.framework/Versions/A/Headers/FAPush.h",
			);
			name = "[CP] Copy Pods Resources";
			outputPaths = (
				"${TARGET_BUILD_DIR}/${UNLOCALIZED_RESOURCES_FOLDER_PATH}",
			);
			runOnlyForDeploymentPostprocessing = 0;
			shellPath = /bin/sh;
			shellScript = "\"${SRCROOT}/Pods/Target Support Files/Pods-followanalytics/Pods-followanalytics-resources.sh\"\n";
			showEnvVarsInLog = 0;
		};
/* End PBXShellScriptBuildPhase section */

/* Begin PBXSourcesBuildPhase section */
		20733CDA1FB59FD600FD09D7 /* Sources */ = {
			isa = PBXSourcesBuildPhase;
			buildActionMask = 2147483647;
			files = (
				20733CE41FB59FD600FD09D7 /* ViewController.swift in Sources */,
				20733CE21FB59FD600FD09D7 /* AppDelegate.swift in Sources */,
			);
			runOnlyForDeploymentPostprocessing = 0;
		};
/* End PBXSourcesBuildPhase section */

/* Begin PBXVariantGroup section */
		20733CE51FB59FD600FD09D7 /* Main.storyboard */ = {
			isa = PBXVariantGroup;
			children = (
				20733CE61FB59FD600FD09D7 /* Base */,
			);
			name = Main.storyboard;
			sourceTree = "<group>";
		};
		20733CEA1FB59FD600FD09D7 /* LaunchScreen.storyboard */ = {
			isa = PBXVariantGroup;
			children = (
				20733CEB1FB59FD600FD09D7 /* Base */,
			);
			name = LaunchScreen.storyboard;
			sourceTree = "<group>";
		};
/* End PBXVariantGroup section */

/* Begin XCBuildConfiguration section */
		20733CEE1FB59FD600FD09D7 /* Debug */ = {
			isa = XCBuildConfiguration;
			buildSettings = {
				ALWAYS_SEARCH_USER_PATHS = NO;
				CLANG_ANALYZER_NONNULL = YES;
				CLANG_ANALYZER_NUMBER_OBJECT_CONVERSION = YES_AGGRESSIVE;
				CLANG_CXX_LANGUAGE_STANDARD = "gnu++14";
				CLANG_CXX_LIBRARY = "libc++";
				CLANG_ENABLE_MODULES = YES;
				CLANG_ENABLE_OBJC_ARC = YES;
				CLANG_WARN_BLOCK_CAPTURE_AUTORELEASING = YES;
				CLANG_WARN_BOOL_CONVERSION = YES;
				CLANG_WARN_COMMA = YES;
				CLANG_WARN_CONSTANT_CONVERSION = YES;
				CLANG_WARN_DIRECT_OBJC_ISA_USAGE = YES_ERROR;
				CLANG_WARN_DOCUMENTATION_COMMENTS = YES;
				CLANG_WARN_EMPTY_BODY = YES;
				CLANG_WARN_ENUM_CONVERSION = YES;
				CLANG_WARN_INFINITE_RECURSION = YES;
				CLANG_WARN_INT_CONVERSION = YES;
				CLANG_WARN_NON_LITERAL_NULL_CONVERSION = YES;
				CLANG_WARN_OBJC_LITERAL_CONVERSION = YES;
				CLANG_WARN_OBJC_ROOT_CLASS = YES_ERROR;
				CLANG_WARN_RANGE_LOOP_ANALYSIS = YES;
				CLANG_WARN_STRICT_PROTOTYPES = YES;
				CLANG_WARN_SUSPICIOUS_MOVE = YES;
				CLANG_WARN_UNGUARDED_AVAILABILITY = YES_AGGRESSIVE;
				CLANG_WARN_UNREACHABLE_CODE = YES;
				CLANG_WARN__DUPLICATE_METHOD_MATCH = YES;
				CODE_SIGN_IDENTITY = "iPhone Developer";
				COPY_PHASE_STRIP = NO;
				DEBUG_INFORMATION_FORMAT = dwarf;
				ENABLE_STRICT_OBJC_MSGSEND = YES;
				ENABLE_TESTABILITY = YES;
				GCC_C_LANGUAGE_STANDARD = gnu11;
				GCC_DYNAMIC_NO_PIC = NO;
				GCC_NO_COMMON_BLOCKS = YES;
				GCC_OPTIMIZATION_LEVEL = 0;
				GCC_PREPROCESSOR_DEFINITIONS = (
					"DEBUG=1",
					"$(inherited)",
				);
				GCC_WARN_64_TO_32_BIT_CONVERSION = YES;
				GCC_WARN_ABOUT_RETURN_TYPE = YES_ERROR;
				GCC_WARN_UNDECLARED_SELECTOR = YES;
				GCC_WARN_UNINITIALIZED_AUTOS = YES_AGGRESSIVE;
				GCC_WARN_UNUSED_FUNCTION = YES;
				GCC_WARN_UNUSED_VARIABLE = YES;
				IPHONEOS_DEPLOYMENT_TARGET = 11.1;
				MTL_ENABLE_DEBUG_INFO = YES;
				ONLY_ACTIVE_ARCH = YES;
				SDKROOT = iphoneos;
				SWIFT_ACTIVE_COMPILATION_CONDITIONS = DEBUG;
				SWIFT_OPTIMIZATION_LEVEL = "-Onone";
			};
			name = Debug;
		};
		20733CEF1FB59FD600FD09D7 /* Release */ = {
			isa = XCBuildConfiguration;
			buildSettings = {
				ALWAYS_SEARCH_USER_PATHS = NO;
				CLANG_ANALYZER_NONNULL = YES;
				CLANG_ANALYZER_NUMBER_OBJECT_CONVERSION = YES_AGGRESSIVE;
				CLANG_CXX_LANGUAGE_STANDARD = "gnu++14";
				CLANG_CXX_LIBRARY = "libc++";
				CLANG_ENABLE_MODULES = YES;
				CLANG_ENABLE_OBJC_ARC = YES;
				CLANG_WARN_BLOCK_CAPTURE_AUTORELEASING = YES;
				CLANG_WARN_BOOL_CONVERSION = YES;
				CLANG_WARN_COMMA = YES;
				CLANG_WARN_CONSTANT_CONVERSION = YES;
				CLANG_WARN_DIRECT_OBJC_ISA_USAGE = YES_ERROR;
				CLANG_WARN_DOCUMENTATION_COMMENTS = YES;
				CLANG_WARN_EMPTY_BODY = YES;
				CLANG_WARN_ENUM_CONVERSION = YES;
				CLANG_WARN_INFINITE_RECURSION = YES;
				CLANG_WARN_INT_CONVERSION = YES;
				CLANG_WARN_NON_LITERAL_NULL_CONVERSION = YES;
				CLANG_WARN_OBJC_LITERAL_CONVERSION = YES;
				CLANG_WARN_OBJC_ROOT_CLASS = YES_ERROR;
				CLANG_WARN_RANGE_LOOP_ANALYSIS = YES;
				CLANG_WARN_STRICT_PROTOTYPES = YES;
				CLANG_WARN_SUSPICIOUS_MOVE = YES;
				CLANG_WARN_UNGUARDED_AVAILABILITY = YES_AGGRESSIVE;
				CLANG_WARN_UNREACHABLE_CODE = YES;
				CLANG_WARN__DUPLICATE_METHOD_MATCH = YES;
				CODE_SIGN_IDENTITY = "iPhone Developer";
				COPY_PHASE_STRIP = NO;
				DEBUG_INFORMATION_FORMAT = "dwarf-with-dsym";
				ENABLE_NS_ASSERTIONS = NO;
				ENABLE_STRICT_OBJC_MSGSEND = YES;
				GCC_C_LANGUAGE_STANDARD = gnu11;
				GCC_NO_COMMON_BLOCKS = YES;
				GCC_WARN_64_TO_32_BIT_CONVERSION = YES;
				GCC_WARN_ABOUT_RETURN_TYPE = YES_ERROR;
				GCC_WARN_UNDECLARED_SELECTOR = YES;
				GCC_WARN_UNINITIALIZED_AUTOS = YES_AGGRESSIVE;
				GCC_WARN_UNUSED_FUNCTION = YES;
				GCC_WARN_UNUSED_VARIABLE = YES;
				IPHONEOS_DEPLOYMENT_TARGET = 11.1;
				MTL_ENABLE_DEBUG_INFO = NO;
				SDKROOT = iphoneos;
				SWIFT_OPTIMIZATION_LEVEL = "-Owholemodule";
				VALIDATE_PRODUCT = YES;
			};
			name = Release;
		};
		20733CF11FB59FD600FD09D7 /* Debug */ = {
			isa = XCBuildConfiguration;
			baseConfigurationReference = A0E214A5619B6A1F24A8A11D /* Pods-followanalytics.debug.xcconfig */;
			buildSettings = {
				ASSETCATALOG_COMPILER_APPICON_NAME = AppIcon;
				CLANG_ENABLE_MODULES = YES;
				CODE_SIGN_STYLE = Automatic;
				DEVELOPMENT_TEAM = P5H25YDQ5N;
				INFOPLIST_FILE = followanalytics/Info.plist;
				LD_RUNPATH_SEARCH_PATHS = "$(inherited) @executable_path/Frameworks";
				PRODUCT_BUNDLE_IDENTIFIER = fr.hamak.followanalytics;
				PRODUCT_NAME = "$(TARGET_NAME)";
				SWIFT_OBJC_BRIDGING_HEADER = "followanalytics-Bridging-Header.h";
				SWIFT_OPTIMIZATION_LEVEL = "-Onone";
				SWIFT_VERSION = 4.0;
				TARGETED_DEVICE_FAMILY = "1,2";
			};
			name = Debug;
		};
		20733CF21FB59FD600FD09D7 /* Release */ = {
			isa = XCBuildConfiguration;
			baseConfigurationReference = 3075C165972FA1D919029055 /* Pods-followanalytics.release.xcconfig */;
			buildSettings = {
				ASSETCATALOG_COMPILER_APPICON_NAME = AppIcon;
				CLANG_ENABLE_MODULES = YES;
				CODE_SIGN_STYLE = Automatic;
				DEVELOPMENT_TEAM = P5H25YDQ5N;
				INFOPLIST_FILE = followanalytics/Info.plist;
				LD_RUNPATH_SEARCH_PATHS = "$(inherited) @executable_path/Frameworks";
				PRODUCT_BUNDLE_IDENTIFIER = fr.hamak.followanalytics;
				PRODUCT_NAME = "$(TARGET_NAME)";
				SWIFT_OBJC_BRIDGING_HEADER = "followanalytics-Bridging-Header.h";
				SWIFT_VERSION = 4.0;
				TARGETED_DEVICE_FAMILY = "1,2";
			};
			name = Release;
		};
/* End XCBuildConfiguration section */

/* Begin XCConfigurationList section */
		20733CD91FB59FD600FD09D7 /* Build configuration list for PBXProject "followanalytics" */ = {
			isa = XCConfigurationList;
			buildConfigurations = (
				20733CEE1FB59FD600FD09D7 /* Debug */,
				20733CEF1FB59FD600FD09D7 /* Release */,
			);
			defaultConfigurationIsVisible = 0;
			defaultConfigurationName = Release;
		};
		20733CF01FB59FD600FD09D7 /* Build configuration list for PBXNativeTarget "followanalytics" */ = {
			isa = XCConfigurationList;
			buildConfigurations = (
				20733CF11FB59FD600FD09D7 /* Debug */,
				20733CF21FB59FD600FD09D7 /* Release */,
			);
			defaultConfigurationIsVisible = 0;
			defaultConfigurationName = Release;
		};
/* End XCConfigurationList section */
	};
	rootObject = 20733CD61FB59FD600FD09D7 /* Project object */;
}
